
Microsoft Visual Studio Solution File, Format Version 12.00
# Visual Studio Version 17
VisualStudioVersion = 17.7.34221.43
MinimumVisualStudioVersion = 10.0.40219.1
Project("{FAE04EC0-301F-11D3-BF4B-00C04F79EFBC}") = "WinFormVersion5Francia", "WinFormVersion5Francia\WinFormVersion5Francia.csproj", "{AD2E5B53-88CF-4A7E-8CFA-C9F5839CA092}"
EndProject
Project("{FAE04EC0-301F-11D3-BF4B-00C04F79EFBC}") = "ClassLibrary1", "ClassLibrary1\ClassLibrary1.csproj", "{657AF53A-586D-479A-AF48-30FF308D6106}"
EndProject
Global
	GlobalSection(SolutionConfigurationPlatforms) = preSolution
		Debug|Any CPU = Debug|Any CPU
		Release|Any CPU = Release|Any CPU
	EndGlobalSection
	GlobalSection(ProjectConfigurationPlatforms) = postSolution
		{AD2E5B53-88CF-4A7E-8CFA-C9F5839CA092}.Debug|Any CPU.ActiveCfg = Debug|Any CPU
		{AD2E5B53-88CF-4A7E-8CFA-C9F5839CA092}.Debug|Any CPU.Build.0 = Debug|Any CPU
		{AD2E5B53-88CF-4A7E-8CFA-C9F5839CA092}.Release|Any CPU.ActiveCfg = Release|Any CPU
		{AD2E5B53-88CF-4A7E-8CFA-C9F5839CA092}.Release|Any CPU.Build.0 = Release|Any CPU
		{657AF53A-586D-479A-AF48-30FF308D6106}.Debug|Any CPU.ActiveCfg = Debug|Any CPU
		{657AF53A-586D-479A-AF48-30FF308D6106}.Debug|Any CPU.Build.0 = Debug|Any CPU
		{657AF53A-586D-479A-AF48-30FF308D6106}.Release|Any CPU.ActiveCfg = Release|Any CPU
		{657AF53A-586D-479A-AF48-30FF308D6106}.Release|Any CPU.Build.0 = Release|Any CPU
	EndGlobalSection
	GlobalSection(SolutionProperties) = preSolution
		HideSolutionNode = FALSE
	EndGlobalSection
	GlobalSection(ExtensibilityGlobals) = postSolution
		SolutionGuid = {F4C21866-45C1-44FA-A3B5-898F0996A625}
	EndGlobalSection
EndGlobal
